// !$*UTF8*$!
{
	archiveVersion = 1;
	classes = {
	};
	objectVersion = 46;
	objects = {

/* Begin PBXBuildFile section */
		AC0F635313C594840042E9C0 /* UIKit.framework in Frameworks */ = {isa = PBXBuildFile; fileRef = AC0F635213C594840042E9C0 /* UIKit.framework */; };
		AC0F635513C594840042E9C0 /* Foundation.framework in Frameworks */ = {isa = PBXBuildFile; fileRef = AC0F635413C594840042E9C0 /* Foundation.framework */; };
		AC0F635713C594840042E9C0 /* CoreGraphics.framework in Frameworks */ = {isa = PBXBuildFile; fileRef = AC0F635613C594840042E9C0 /* CoreGraphics.framework */; };
		AC0F635D13C594840042E9C0 /* InfoPlist.strings in Resources */ = {isa = PBXBuildFile; fileRef = AC0F635B13C594840042E9C0 /* InfoPlist.strings */; };
		AC0F636013C594840042E9C0 /* main.m in Sources */ = {isa = PBXBuildFile; fileRef = AC0F635F13C594840042E9C0 /* main.m */; };
		AC0F636313C594840042E9C0 /* SmAddSampleAppDelegate.m in Sources */ = {isa = PBXBuildFile; fileRef = AC0F636213C594840042E9C0 /* SmAddSampleAppDelegate.m */; };
		AC0F636613C594840042E9C0 /* MainWindow.xib in Resources */ = {isa = PBXBuildFile; fileRef = AC0F636413C594840042E9C0 /* MainWindow.xib */; };
		AC0F636913C594840042E9C0 /* MainViewController.m in Sources */ = {isa = PBXBuildFile; fileRef = AC0F636813C594840042E9C0 /* MainViewController.m */; };
		AC0F636B13C594840042E9C0 /* MainView.xib in Resources */ = {isa = PBXBuildFile; fileRef = AC0F636A13C594840042E9C0 /* MainView.xib */; };
		AC0F636E13C594850042E9C0 /* FlipsideViewController.m in Sources */ = {isa = PBXBuildFile; fileRef = AC0F636D13C594850042E9C0 /* FlipsideViewController.m */; };
		AC0F637013C594850042E9C0 /* FlipsideView.xib in Resources */ = {isa = PBXBuildFile; fileRef = AC0F636F13C594850042E9C0 /* FlipsideView.xib */; };
		AC1529D013D235A200A626C9 /* AdStaSDK.framework in Frameworks */ = {isa = PBXBuildFile; fileRef = AC1529CF13D235A200A626C9 /* AdStaSDK.framework */; };
		AC1529D413D236B500A626C9 /* QuartzCore.framework in Frameworks */ = {isa = PBXBuildFile; fileRef = AC1529D213D236AE00A626C9 /* QuartzCore.framework */; };
		AC1E9BDE13C5D2CE005A7A8B /* libGoogleAdMobAds.a in Frameworks */ = {isa = PBXBuildFile; fileRef = AC1E9BDC13C5D2CE005A7A8B /* libGoogleAdMobAds.a */; };
		AC1E9BDF13C5D2CE005A7A8B /* README.txt in Resources */ = {isa = PBXBuildFile; fileRef = AC1E9BDD13C5D2CE005A7A8B /* README.txt */; };
		AC1E9BE513C5D337005A7A8B /* MessageUI.framework in Frameworks */ = {isa = PBXBuildFile; fileRef = AC1E9BE313C5D32B005A7A8B /* MessageUI.framework */; };
		AC1E9BE613C5D337005A7A8B /* AudioToolbox.framework in Frameworks */ = {isa = PBXBuildFile; fileRef = AC1E9BE113C5D325005A7A8B /* AudioToolbox.framework */; };
		AC1E9BEA13C5E687005A7A8B /* libTGAforiPhone.a in Frameworks */ = {isa = PBXBuildFile; fileRef = AC1E9BE813C5E687005A7A8B /* libTGAforiPhone.a */; };
		AC1E9BF413C5EFFC005A7A8B /* MobileCoreServices.framework in Frameworks */ = {isa = PBXBuildFile; fileRef = AC1E9BF313C5EFFC005A7A8B /* MobileCoreServices.framework */; };
		AC1E9BF613C5F005005A7A8B /* CFNetwork.framework in Frameworks */ = {isa = PBXBuildFile; fileRef = AC1E9BF513C5F005005A7A8B /* CFNetwork.framework */; };
		AC1E9BF813C5F00C005A7A8B /* libz.1.2.3.dylib in Frameworks */ = {isa = PBXBuildFile; fileRef = AC1E9BF713C5F00C005A7A8B /* libz.1.2.3.dylib */; };
		AC1E9C1D13C5F0DE005A7A8B /* ASIAuthenticationDialog.m in Sources */ = {isa = PBXBuildFile; fileRef = AC1E9C0013C5F0DE005A7A8B /* ASIAuthenticationDialog.m */; };
		AC1E9C1E13C5F0DE005A7A8B /* ASIDataCompressor.m in Sources */ = {isa = PBXBuildFile; fileRef = AC1E9C0313C5F0DE005A7A8B /* ASIDataCompressor.m */; };
		AC1E9C1F13C5F0DE005A7A8B /* ASIDataDecompressor.m in Sources */ = {isa = PBXBuildFile; fileRef = AC1E9C0513C5F0DE005A7A8B /* ASIDataDecompressor.m */; };
		AC1E9C2013C5F0DE005A7A8B /* ASIDownloadCache.m in Sources */ = {isa = PBXBuildFile; fileRef = AC1E9C0713C5F0DE005A7A8B /* ASIDownloadCache.m */; };
		AC1E9C2113C5F0DE005A7A8B /* ASIFormDataRequest.m in Sources */ = {isa = PBXBuildFile; fileRef = AC1E9C0913C5F0DE005A7A8B /* ASIFormDataRequest.m */; };
		AC1E9C2213C5F0DE005A7A8B /* ASIHTTPRequest.m in Sources */ = {isa = PBXBuildFile; fileRef = AC1E9C0B13C5F0DE005A7A8B /* ASIHTTPRequest.m */; };
		AC1E9C2313C5F0DE005A7A8B /* ASIInputStream.m in Sources */ = {isa = PBXBuildFile; fileRef = AC1E9C0F13C5F0DE005A7A8B /* ASIInputStream.m */; };
		AC1E9C2413C5F0DE005A7A8B /* ASINetworkQueue.m in Sources */ = {isa = PBXBuildFile; fileRef = AC1E9C1113C5F0DE005A7A8B /* ASINetworkQueue.m */; };
		AC1E9C2513C5F0DE005A7A8B /* Reachability.m in Sources */ = {isa = PBXBuildFile; fileRef = AC1E9C1613C5F0DE005A7A8B /* Reachability.m */; };
		AC1E9C2613C5F0DE005A7A8B /* CHANGELOG.md in Resources */ = {isa = PBXBuildFile; fileRef = AC1E9C1813C5F0DE005A7A8B /* CHANGELOG.md */; };
		AC1E9C2713C5F0DE005A7A8B /* JSONKit.m in Sources */ = {isa = PBXBuildFile; fileRef = AC1E9C1A13C5F0DE005A7A8B /* JSONKit.m */; };
		AC1E9C2813C5F0DE005A7A8B /* README.md in Resources */ = {isa = PBXBuildFile; fileRef = AC1E9C1B13C5F0DE005A7A8B /* README.md */; };
		AC1E9C2913C5F0DE005A7A8B /* libadlantis_ios_sdk.a in Frameworks */ = {isa = PBXBuildFile; fileRef = AC1E9C1C13C5F0DE005A7A8B /* libadlantis_ios_sdk.a */; };
		AC8CC1D413C5959A0036C4CF /* libAdMaker.a in Frameworks */ = {isa = PBXBuildFile; fileRef = AC8CC1CB13C5959A0036C4CF /* libAdMaker.a */; };
		AC8CC1D513C5959A0036C4CF /* AdViewTemplate.m in Sources */ = {isa = PBXBuildFile; fileRef = AC8CC1CD13C5959A0036C4CF /* AdViewTemplate.m */; };
		AC8CC1D613C5959A0036C4CF /* QuickWebViewController.m in Sources */ = {isa = PBXBuildFile; fileRef = AC8CC1CF13C5959A0036C4CF /* QuickWebViewController.m */; };
		AC8CC1D713C5959A0036C4CF /* QuickWebViewController.xib in Resources */ = {isa = PBXBuildFile; fileRef = AC8CC1D013C5959A0036C4CF /* QuickWebViewController.xib */; };
		AC8CC1E413C59B490036C4CF /* SystemConfiguration.framework in Frameworks */ = {isa = PBXBuildFile; fileRef = AC8CC1E213C59B410036C4CF /* SystemConfiguration.framework */; };
		AC8CC1E713C59B760036C4CF /* iAd.framework in Frameworks */ = {isa = PBXBuildFile; fileRef = AC8CC1E513C59B6A0036C4CF /* iAd.framework */; settings = {ATTRIBUTES = (Weak, ); }; };
		AC8CC1F213C59FA30036C4CF /* SmAddViewController.m in Sources */ = {isa = PBXBuildFile; fileRef = AC8CC1F113C59FA30036C4CF /* SmAddViewController.m */; };
/* End PBXBuildFile section */

/* Begin PBXFileReference section */
		AC0F634E13C594840042E9C0 /* SmAddSample.app */ = {isa = PBXFileReference; explicitFileType = wrapper.application; includeInIndex = 0; path = SmAddSample.app; sourceTree = BUILT_PRODUCTS_DIR; };
		AC0F635213C594840042E9C0 /* UIKit.framework */ = {isa = PBXFileReference; lastKnownFileType = wrapper.framework; name = UIKit.framework; path = System/Library/Frameworks/UIKit.framework; sourceTree = SDKROOT; };
		AC0F635413C594840042E9C0 /* Foundation.framework */ = {isa = PBXFileReference; lastKnownFileType = wrapper.framework; name = Foundation.framework; path = System/Library/Frameworks/Foundation.framework; sourceTree = SDKROOT; };
		AC0F635613C594840042E9C0 /* CoreGraphics.framework */ = {isa = PBXFileReference; lastKnownFileType = wrapper.framework; name = CoreGraphics.framework; path = System/Library/Frameworks/CoreGraphics.framework; sourceTree = SDKROOT; };
		AC0F635A13C594840042E9C0 /* SmAddSample-Info.plist */ = {isa = PBXFileReference; lastKnownFileType = text.plist.xml; path = "SmAddSample-Info.plist"; sourceTree = "<group>"; };
		AC0F635C13C594840042E9C0 /* en */ = {isa = PBXFileReference; lastKnownFileType = text.plist.strings; name = en; path = en.lproj/InfoPlist.strings; sourceTree = "<group>"; };
		AC0F635E13C594840042E9C0 /* SmAddSample-Prefix.pch */ = {isa = PBXFileReference; lastKnownFileType = sourcecode.c.h; path = "SmAddSample-Prefix.pch"; sourceTree = "<group>"; };
		AC0F635F13C594840042E9C0 /* main.m */ = {isa = PBXFileReference; lastKnownFileType = sourcecode.c.objc; path = main.m; sourceTree = "<group>"; };
		AC0F636113C594840042E9C0 /* SmAddSampleAppDelegate.h */ = {isa = PBXFileReference; lastKnownFileType = sourcecode.c.h; path = SmAddSampleAppDelegate.h; sourceTree = "<group>"; };
		AC0F636213C594840042E9C0 /* SmAddSampleAppDelegate.m */ = {isa = PBXFileReference; lastKnownFileType = sourcecode.c.objc; path = SmAddSampleAppDelegate.m; sourceTree = "<group>"; };
		AC0F636513C594840042E9C0 /* en */ = {isa = PBXFileReference; lastKnownFileType = file.xib; name = en; path = en.lproj/MainWindow.xib; sourceTree = "<group>"; };
		AC0F636713C594840042E9C0 /* MainViewController.h */ = {isa = PBXFileReference; lastKnownFileType = sourcecode.c.h; path = MainViewController.h; sourceTree = "<group>"; };
		AC0F636813C594840042E9C0 /* MainViewController.m */ = {isa = PBXFileReference; lastKnownFileType = sourcecode.c.objc; path = MainViewController.m; sourceTree = "<group>"; };
		AC0F636A13C594840042E9C0 /* MainView.xib */ = {isa = PBXFileReference; lastKnownFileType = file.xib; path = MainView.xib; sourceTree = "<group>"; };
		AC0F636C13C594850042E9C0 /* FlipsideViewController.h */ = {isa = PBXFileReference; lastKnownFileType = sourcecode.c.h; path = FlipsideViewController.h; sourceTree = "<group>"; };
		AC0F636D13C594850042E9C0 /* FlipsideViewController.m */ = {isa = PBXFileReference; lastKnownFileType = sourcecode.c.objc; path = FlipsideViewController.m; sourceTree = "<group>"; };
		AC0F636F13C594850042E9C0 /* FlipsideView.xib */ = {isa = PBXFileReference; lastKnownFileType = file.xib; path = FlipsideView.xib; sourceTree = "<group>"; };
		AC1529CF13D235A200A626C9 /* AdStaSDK.framework */ = {isa = PBXFileReference; lastKnownFileType = wrapper.framework; path = AdStaSDK.framework; sourceTree = "<group>"; };
		AC1529D213D236AE00A626C9 /* QuartzCore.framework */ = {isa = PBXFileReference; lastKnownFileType = wrapper.framework; name = QuartzCore.framework; path = System/Library/Frameworks/QuartzCore.framework; sourceTree = SDKROOT; };
		AC1E9BD613C5D2CE005A7A8B /* GADBannerView.h */ = {isa = PBXFileReference; fileEncoding = 4; lastKnownFileType = sourcecode.c.h; path = GADBannerView.h; sourceTree = "<group>"; };
		AC1E9BD713C5D2CE005A7A8B /* GADBannerViewDelegate.h */ = {isa = PBXFileReference; fileEncoding = 4; lastKnownFileType = sourcecode.c.h; path = GADBannerViewDelegate.h; sourceTree = "<group>"; };
		AC1E9BD813C5D2CE005A7A8B /* GADInterstitial.h */ = {isa = PBXFileReference; fileEncoding = 4; lastKnownFileType = sourcecode.c.h; path = GADInterstitial.h; sourceTree = "<group>"; };
		AC1E9BD913C5D2CE005A7A8B /* GADInterstitialDelegate.h */ = {isa = PBXFileReference; fileEncoding = 4; lastKnownFileType = sourcecode.c.h; path = GADInterstitialDelegate.h; sourceTree = "<group>"; };
		AC1E9BDA13C5D2CE005A7A8B /* GADRequest.h */ = {isa = PBXFileReference; fileEncoding = 4; lastKnownFileType = sourcecode.c.h; path = GADRequest.h; sourceTree = "<group>"; };
		AC1E9BDB13C5D2CE005A7A8B /* GADRequestError.h */ = {isa = PBXFileReference; fileEncoding = 4; lastKnownFileType = sourcecode.c.h; path = GADRequestError.h; sourceTree = "<group>"; };
		AC1E9BDC13C5D2CE005A7A8B /* libGoogleAdMobAds.a */ = {isa = PBXFileReference; lastKnownFileType = archive.ar; path = libGoogleAdMobAds.a; sourceTree = "<group>"; };
		AC1E9BDD13C5D2CE005A7A8B /* README.txt */ = {isa = PBXFileReference; fileEncoding = 4; lastKnownFileType = text; path = README.txt; sourceTree = "<group>"; };
		AC1E9BE113C5D325005A7A8B /* AudioToolbox.framework */ = {isa = PBXFileReference; lastKnownFileType = wrapper.framework; name = AudioToolbox.framework; path = System/Library/Frameworks/AudioToolbox.framework; sourceTree = SDKROOT; };
		AC1E9BE313C5D32B005A7A8B /* MessageUI.framework */ = {isa = PBXFileReference; lastKnownFileType = wrapper.framework; name = MessageUI.framework; path = System/Library/Frameworks/MessageUI.framework; sourceTree = SDKROOT; };
		AC1E9BE813C5E687005A7A8B /* libTGAforiPhone.a */ = {isa = PBXFileReference; lastKnownFileType = archive.ar; path = libTGAforiPhone.a; sourceTree = "<group>"; };
		AC1E9BE913C5E687005A7A8B /* TGAView.h */ = {isa = PBXFileReference; fileEncoding = 4; lastKnownFileType = sourcecode.c.h; path = TGAView.h; sourceTree = "<group>"; };
		AC1E9BF313C5EFFC005A7A8B /* MobileCoreServices.framework */ = {isa = PBXFileReference; lastKnownFileType = wrapper.framework; name = MobileCoreServices.framework; path = System/Library/Frameworks/MobileCoreServices.framework; sourceTree = SDKROOT; };
		AC1E9BF513C5F005005A7A8B /* CFNetwork.framework */ = {isa = PBXFileReference; lastKnownFileType = wrapper.framework; name = CFNetwork.framework; path = System/Library/Frameworks/CFNetwork.framework; sourceTree = SDKROOT; };
		AC1E9BF713C5F00C005A7A8B /* libz.1.2.3.dylib */ = {isa = PBXFileReference; lastKnownFileType = "compiled.mach-o.dylib"; name = libz.1.2.3.dylib; path = usr/lib/libz.1.2.3.dylib; sourceTree = SDKROOT; };
		AC1E9BFA13C5F0DE005A7A8B /* AdlantisAd.h */ = {isa = PBXFileReference; fileEncoding = 4; lastKnownFileType = sourcecode.c.h; path = AdlantisAd.h; sourceTree = "<group>"; };
		AC1E9BFB13C5F0DE005A7A8B /* AdlantisAdManager.h */ = {isa = PBXFileReference; fileEncoding = 4; lastKnownFileType = sourcecode.c.h; path = AdlantisAdManager.h; sourceTree = "<group>"; };
		AC1E9BFC13C5F0DE005A7A8B /* AdlantisView.h */ = {isa = PBXFileReference; fileEncoding = 4; lastKnownFileType = sourcecode.c.h; path = AdlantisView.h; sourceTree = "<group>"; };
		AC1E9BFF13C5F0DE005A7A8B /* ASIAuthenticationDialog.h */ = {isa = PBXFileReference; fileEncoding = 4; lastKnownFileType = sourcecode.c.h; path = ASIAuthenticationDialog.h; sourceTree = "<group>"; };
		AC1E9C0013C5F0DE005A7A8B /* ASIAuthenticationDialog.m */ = {isa = PBXFileReference; fileEncoding = 4; lastKnownFileType = sourcecode.c.objc; path = ASIAuthenticationDialog.m; sourceTree = "<group>"; };
		AC1E9C0113C5F0DE005A7A8B /* ASICacheDelegate.h */ = {isa = PBXFileReference; fileEncoding = 4; lastKnownFileType = sourcecode.c.h; path = ASICacheDelegate.h; sourceTree = "<group>"; };
		AC1E9C0213C5F0DE005A7A8B /* ASIDataCompressor.h */ = {isa = PBXFileReference; fileEncoding = 4; lastKnownFileType = sourcecode.c.h; path = ASIDataCompressor.h; sourceTree = "<group>"; };
		AC1E9C0313C5F0DE005A7A8B /* ASIDataCompressor.m */ = {isa = PBXFileReference; fileEncoding = 4; lastKnownFileType = sourcecode.c.objc; path = ASIDataCompressor.m; sourceTree = "<group>"; };
		AC1E9C0413C5F0DE005A7A8B /* ASIDataDecompressor.h */ = {isa = PBXFileReference; fileEncoding = 4; lastKnownFileType = sourcecode.c.h; path = ASIDataDecompressor.h; sourceTree = "<group>"; };
		AC1E9C0513C5F0DE005A7A8B /* ASIDataDecompressor.m */ = {isa = PBXFileReference; fileEncoding = 4; lastKnownFileType = sourcecode.c.objc; path = ASIDataDecompressor.m; sourceTree = "<group>"; };
		AC1E9C0613C5F0DE005A7A8B /* ASIDownloadCache.h */ = {isa = PBXFileReference; fileEncoding = 4; lastKnownFileType = sourcecode.c.h; path = ASIDownloadCache.h; sourceTree = "<group>"; };
		AC1E9C0713C5F0DE005A7A8B /* ASIDownloadCache.m */ = {isa = PBXFileReference; fileEncoding = 4; lastKnownFileType = sourcecode.c.objc; path = ASIDownloadCache.m; sourceTree = "<group>"; };
		AC1E9C0813C5F0DE005A7A8B /* ASIFormDataRequest.h */ = {isa = PBXFileReference; fileEncoding = 4; lastKnownFileType = sourcecode.c.h; path = ASIFormDataRequest.h; sourceTree = "<group>"; };
		AC1E9C0913C5F0DE005A7A8B /* ASIFormDataRequest.m */ = {isa = PBXFileReference; fileEncoding = 4; lastKnownFileType = sourcecode.c.objc; path = ASIFormDataRequest.m; sourceTree = "<group>"; };
		AC1E9C0A13C5F0DE005A7A8B /* ASIHTTPRequest.h */ = {isa = PBXFileReference; fileEncoding = 4; lastKnownFileType = sourcecode.c.h; path = ASIHTTPRequest.h; sourceTree = "<group>"; };
		AC1E9C0B13C5F0DE005A7A8B /* ASIHTTPRequest.m */ = {isa = PBXFileReference; fileEncoding = 4; lastKnownFileType = sourcecode.c.objc; path = ASIHTTPRequest.m; sourceTree = "<group>"; };
		AC1E9C0C13C5F0DE005A7A8B /* ASIHTTPRequestConfig.h */ = {isa = PBXFileReference; fileEncoding = 4; lastKnownFileType = sourcecode.c.h; path = ASIHTTPRequestConfig.h; sourceTree = "<group>"; };
		AC1E9C0D13C5F0DE005A7A8B /* ASIHTTPRequestDelegate.h */ = {isa = PBXFileReference; fileEncoding = 4; lastKnownFileType = sourcecode.c.h; path = ASIHTTPRequestDelegate.h; sourceTree = "<group>"; };
		AC1E9C0E13C5F0DE005A7A8B /* ASIInputStream.h */ = {isa = PBXFileReference; fileEncoding = 4; lastKnownFileType = sourcecode.c.h; path = ASIInputStream.h; sourceTree = "<group>"; };
		AC1E9C0F13C5F0DE005A7A8B /* ASIInputStream.m */ = {isa = PBXFileReference; fileEncoding = 4; lastKnownFileType = sourcecode.c.objc; path = ASIInputStream.m; sourceTree = "<group>"; };
		AC1E9C1013C5F0DE005A7A8B /* ASINetworkQueue.h */ = {isa = PBXFileReference; fileEncoding = 4; lastKnownFileType = sourcecode.c.h; path = ASINetworkQueue.h; sourceTree = "<group>"; };
		AC1E9C1113C5F0DE005A7A8B /* ASINetworkQueue.m */ = {isa = PBXFileReference; fileEncoding = 4; lastKnownFileType = sourcecode.c.objc; path = ASINetworkQueue.m; sourceTree = "<group>"; };
		AC1E9C1213C5F0DE005A7A8B /* ASIProgressDelegate.h */ = {isa = PBXFileReference; fileEncoding = 4; lastKnownFileType = sourcecode.c.h; path = ASIProgressDelegate.h; sourceTree = "<group>"; };
		AC1E9C1513C5F0DE005A7A8B /* Reachability.h */ = {isa = PBXFileReference; fileEncoding = 4; lastKnownFileType = sourcecode.c.h; path = Reachability.h; sourceTree = "<group>"; };
		AC1E9C1613C5F0DE005A7A8B /* Reachability.m */ = {isa = PBXFileReference; fileEncoding = 4; lastKnownFileType = sourcecode.c.objc; path = Reachability.m; sourceTree = "<group>"; };
		AC1E9C1813C5F0DE005A7A8B /* CHANGELOG.md */ = {isa = PBXFileReference; fileEncoding = 4; lastKnownFileType = text; path = CHANGELOG.md; sourceTree = "<group>"; };
		AC1E9C1913C5F0DE005A7A8B /* JSONKit.h */ = {isa = PBXFileReference; fileEncoding = 4; lastKnownFileType = sourcecode.c.h; path = JSONKit.h; sourceTree = "<group>"; };
		AC1E9C1A13C5F0DE005A7A8B /* JSONKit.m */ = {isa = PBXFileReference; fileEncoding = 4; lastKnownFileType = sourcecode.c.objc; path = JSONKit.m; sourceTree = "<group>"; };
		AC1E9C1B13C5F0DE005A7A8B /* README.md */ = {isa = PBXFileReference; fileEncoding = 4; lastKnownFileType = text; path = README.md; sourceTree = "<group>"; };
		AC1E9C1C13C5F0DE005A7A8B /* libadlantis_ios_sdk.a */ = {isa = PBXFileReference; lastKnownFileType = archive.ar; path = libadlantis_ios_sdk.a; sourceTree = "<group>"; };
		AC8CC1C913C5959A0036C4CF /* AdMakerDelegate.h */ = {isa = PBXFileReference; fileEncoding = 4; lastKnownFileType = sourcecode.c.h; path = AdMakerDelegate.h; sourceTree = "<group>"; };
		AC8CC1CA13C5959A0036C4CF /* AdMakerView.h */ = {isa = PBXFileReference; fileEncoding = 4; lastKnownFileType = sourcecode.c.h; path = AdMakerView.h; sourceTree = "<group>"; };
		AC8CC1CB13C5959A0036C4CF /* libAdMaker.a */ = {isa = PBXFileReference; lastKnownFileType = archive.ar; path = libAdMaker.a; sourceTree = "<group>"; };
		AC8CC1CC13C5959A0036C4CF /* AdViewTemplate.h */ = {isa = PBXFileReference; fileEncoding = 4; lastKnownFileType = sourcecode.c.h; path = AdViewTemplate.h; sourceTree = "<group>"; };
		AC8CC1CD13C5959A0036C4CF /* AdViewTemplate.m */ = {isa = PBXFileReference; fileEncoding = 4; lastKnownFileType = sourcecode.c.objc; path = AdViewTemplate.m; sourceTree = "<group>"; };
		AC8CC1CE13C5959A0036C4CF /* QuickWebViewController.h */ = {isa = PBXFileReference; fileEncoding = 4; lastKnownFileType = sourcecode.c.h; path = QuickWebViewController.h; sourceTree = "<group>"; };
		AC8CC1CF13C5959A0036C4CF /* QuickWebViewController.m */ = {isa = PBXFileReference; fileEncoding = 4; lastKnownFileType = sourcecode.c.objc; path = QuickWebViewController.m; sourceTree = "<group>"; };
		AC8CC1D013C5959A0036C4CF /* QuickWebViewController.xib */ = {isa = PBXFileReference; fileEncoding = 4; lastKnownFileType = file.xib; path = QuickWebViewController.xib; sourceTree = "<group>"; };
		AC8CC1D113C5959A0036C4CF /* SmAddGlobal.h */ = {isa = PBXFileReference; fileEncoding = 4; lastKnownFileType = sourcecode.c.h; path = SmAddGlobal.h; sourceTree = "<group>"; };
		AC8CC1E213C59B410036C4CF /* SystemConfiguration.framework */ = {isa = PBXFileReference; lastKnownFileType = wrapper.framework; name = SystemConfiguration.framework; path = System/Library/Frameworks/SystemConfiguration.framework; sourceTree = SDKROOT; };
		AC8CC1E513C59B6A0036C4CF /* iAd.framework */ = {isa = PBXFileReference; lastKnownFileType = wrapper.framework; name = iAd.framework; path = System/Library/Frameworks/iAd.framework; sourceTree = SDKROOT; };
		AC8CC1F013C59FA30036C4CF /* SmAddViewController.h */ = {isa = PBXFileReference; fileEncoding = 4; lastKnownFileType = sourcecode.c.h; path = SmAddViewController.h; sourceTree = "<group>"; };
		AC8CC1F113C59FA30036C4CF /* SmAddViewController.m */ = {isa = PBXFileReference; fileEncoding = 4; lastKnownFileType = sourcecode.c.objc; path = SmAddViewController.m; sourceTree = "<group>"; };
/* End PBXFileReference section */

/* Begin PBXFrameworksBuildPhase section */
		AC0F634B13C594840042E9C0 /* Frameworks */ = {
			isa = PBXFrameworksBuildPhase;
			buildActionMask = 2147483647;
			files = (
				AC1529D413D236B500A626C9 /* QuartzCore.framework in Frameworks */,
				AC1E9BF813C5F00C005A7A8B /* libz.1.2.3.dylib in Frameworks */,
				AC1E9BF613C5F005005A7A8B /* CFNetwork.framework in Frameworks */,
				AC1E9BF413C5EFFC005A7A8B /* MobileCoreServices.framework in Frameworks */,
				AC1E9BE513C5D337005A7A8B /* MessageUI.framework in Frameworks */,
				AC1E9BE613C5D337005A7A8B /* AudioToolbox.framework in Frameworks */,
				AC8CC1E713C59B760036C4CF /* iAd.framework in Frameworks */,
				AC8CC1E413C59B490036C4CF /* SystemConfiguration.framework in Frameworks */,
				AC0F635313C594840042E9C0 /* UIKit.framework in Frameworks */,
				AC0F635513C594840042E9C0 /* Foundation.framework in Frameworks */,
				AC0F635713C594840042E9C0 /* CoreGraphics.framework in Frameworks */,
				AC8CC1D413C5959A0036C4CF /* libAdMaker.a in Frameworks */,
				AC1E9BDE13C5D2CE005A7A8B /* libGoogleAdMobAds.a in Frameworks */,
				AC1E9BEA13C5E687005A7A8B /* libTGAforiPhone.a in Frameworks */,
				AC1E9C2913C5F0DE005A7A8B /* libadlantis_ios_sdk.a in Frameworks */,
				AC1529D013D235A200A626C9 /* AdStaSDK.framework in Frameworks */,
			);
			runOnlyForDeploymentPostprocessing = 0;
		};
/* End PBXFrameworksBuildPhase section */

/* Begin PBXGroup section */
		AC0F634313C594840042E9C0 = {
			isa = PBXGroup;
			children = (
				AC0F635813C594840042E9C0 /* SmAddSample */,
				AC0F635113C594840042E9C0 /* Frameworks */,
				AC0F634F13C594840042E9C0 /* Products */,
			);
			sourceTree = "<group>";
		};
		AC0F634F13C594840042E9C0 /* Products */ = {
			isa = PBXGroup;
			children = (
				AC0F634E13C594840042E9C0 /* SmAddSample.app */,
			);
			name = Products;
			sourceTree = "<group>";
		};
		AC0F635113C594840042E9C0 /* Frameworks */ = {
			isa = PBXGroup;
			children = (
				AC1529D213D236AE00A626C9 /* QuartzCore.framework */,
				AC1529CF13D235A200A626C9 /* AdStaSDK.framework */,
				AC1E9BF713C5F00C005A7A8B /* libz.1.2.3.dylib */,
				AC1E9BF513C5F005005A7A8B /* CFNetwork.framework */,
				AC1E9BF313C5EFFC005A7A8B /* MobileCoreServices.framework */,
				AC1E9BE313C5D32B005A7A8B /* MessageUI.framework */,
				AC1E9BE113C5D325005A7A8B /* AudioToolbox.framework */,
				AC8CC1E513C59B6A0036C4CF /* iAd.framework */,
				AC8CC1E213C59B410036C4CF /* SystemConfiguration.framework */,
				AC0F635213C594840042E9C0 /* UIKit.framework */,
				AC0F635413C594840042E9C0 /* Foundation.framework */,
				AC0F635613C594840042E9C0 /* CoreGraphics.framework */,
			);
			name = Frameworks;
			sourceTree = "<group>";
		};
		AC0F635813C594840042E9C0 /* SmAddSample */ = {
			isa = PBXGroup;
			children = (
				AC8CC1C713C5959A0036C4CF /* smadd */,
				AC0F636113C594840042E9C0 /* SmAddSampleAppDelegate.h */,
				AC0F636213C594840042E9C0 /* SmAddSampleAppDelegate.m */,
				AC0F636413C594840042E9C0 /* MainWindow.xib */,
				AC0F636713C594840042E9C0 /* MainViewController.h */,
				AC0F636813C594840042E9C0 /* MainViewController.m */,
				AC0F636A13C594840042E9C0 /* MainView.xib */,
				AC0F636C13C594850042E9C0 /* FlipsideViewController.h */,
				AC0F636D13C594850042E9C0 /* FlipsideViewController.m */,
				AC0F636F13C594850042E9C0 /* FlipsideView.xib */,
				AC0F635913C594840042E9C0 /* Supporting Files */,
			);
			path = SmAddSample;
			sourceTree = "<group>";
		};
		AC0F635913C594840042E9C0 /* Supporting Files */ = {
			isa = PBXGroup;
			children = (
				AC0F635A13C594840042E9C0 /* SmAddSample-Info.plist */,
				AC0F635B13C594840042E9C0 /* InfoPlist.strings */,
				AC0F635E13C594840042E9C0 /* SmAddSample-Prefix.pch */,
				AC0F635F13C594840042E9C0 /* main.m */,
			);
			name = "Supporting Files";
			sourceTree = "<group>";
		};
		AC1E9BD513C5D2CE005A7A8B /* admob */ = {
			isa = PBXGroup;
			children = (
				AC1E9BD613C5D2CE005A7A8B /* GADBannerView.h */,
				AC1E9BD713C5D2CE005A7A8B /* GADBannerViewDelegate.h */,
				AC1E9BD813C5D2CE005A7A8B /* GADInterstitial.h */,
				AC1E9BD913C5D2CE005A7A8B /* GADInterstitialDelegate.h */,
				AC1E9BDA13C5D2CE005A7A8B /* GADRequest.h */,
				AC1E9BDB13C5D2CE005A7A8B /* GADRequestError.h */,
				AC1E9BDC13C5D2CE005A7A8B /* libGoogleAdMobAds.a */,
				AC1E9BDD13C5D2CE005A7A8B /* README.txt */,
			);
			path = admob;
			sourceTree = "<group>";
		};
		AC1E9BE713C5E687005A7A8B /* tgad */ = {
			isa = PBXGroup;
			children = (
				AC1E9BE813C5E687005A7A8B /* libTGAforiPhone.a */,
				AC1E9BE913C5E687005A7A8B /* TGAView.h */,
			);
			path = tgad;
			sourceTree = "<group>";
		};
		AC1E9BF913C5F0DE005A7A8B /* adlantis */ = {
			isa = PBXGroup;
			children = (
				AC1E9BFA13C5F0DE005A7A8B /* AdlantisAd.h */,
				AC1E9BFB13C5F0DE005A7A8B /* AdlantisAdManager.h */,
				AC1E9BFC13C5F0DE005A7A8B /* AdlantisView.h */,
				AC1E9BFD13C5F0DE005A7A8B /* asihttprequest */,
				AC1E9C1713C5F0DE005A7A8B /* JSONKit */,
				AC1E9C1C13C5F0DE005A7A8B /* libadlantis_ios_sdk.a */,
			);
			path = adlantis;
			sourceTree = "<group>";
		};
		AC1E9BFD13C5F0DE005A7A8B /* asihttprequest */ = {
			isa = PBXGroup;
			children = (
				AC1E9BFE13C5F0DE005A7A8B /* Classes */,
				AC1E9C1313C5F0DE005A7A8B /* External */,
			);
			path = asihttprequest;
			sourceTree = "<group>";
		};
		AC1E9BFE13C5F0DE005A7A8B /* Classes */ = {
			isa = PBXGroup;
			children = (
				AC1E9BFF13C5F0DE005A7A8B /* ASIAuthenticationDialog.h */,
				AC1E9C0013C5F0DE005A7A8B /* ASIAuthenticationDialog.m */,
				AC1E9C0113C5F0DE005A7A8B /* ASICacheDelegate.h */,
				AC1E9C0213C5F0DE005A7A8B /* ASIDataCompressor.h */,
				AC1E9C0313C5F0DE005A7A8B /* ASIDataCompressor.m */,
				AC1E9C0413C5F0DE005A7A8B /* ASIDataDecompressor.h */,
				AC1E9C0513C5F0DE005A7A8B /* ASIDataDecompressor.m */,
				AC1E9C0613C5F0DE005A7A8B /* ASIDownloadCache.h */,
				AC1E9C0713C5F0DE005A7A8B /* ASIDownloadCache.m */,
				AC1E9C0813C5F0DE005A7A8B /* ASIFormDataRequest.h */,
				AC1E9C0913C5F0DE005A7A8B /* ASIFormDataRequest.m */,
				AC1E9C0A13C5F0DE005A7A8B /* ASIHTTPRequest.h */,
				AC1E9C0B13C5F0DE005A7A8B /* ASIHTTPRequest.m */,
				AC1E9C0C13C5F0DE005A7A8B /* ASIHTTPRequestConfig.h */,
				AC1E9C0D13C5F0DE005A7A8B /* ASIHTTPRequestDelegate.h */,
				AC1E9C0E13C5F0DE005A7A8B /* ASIInputStream.h */,
				AC1E9C0F13C5F0DE005A7A8B /* ASIInputStream.m */,
				AC1E9C1013C5F0DE005A7A8B /* ASINetworkQueue.h */,
				AC1E9C1113C5F0DE005A7A8B /* ASINetworkQueue.m */,
				AC1E9C1213C5F0DE005A7A8B /* ASIProgressDelegate.h */,
			);
			path = Classes;
			sourceTree = "<group>";
		};
		AC1E9C1313C5F0DE005A7A8B /* External */ = {
			isa = PBXGroup;
			children = (
				AC1E9C1413C5F0DE005A7A8B /* Reachability */,
			);
			path = External;
			sourceTree = "<group>";
		};
		AC1E9C1413C5F0DE005A7A8B /* Reachability */ = {
			isa = PBXGroup;
			children = (
				AC1E9C1513C5F0DE005A7A8B /* Reachability.h */,
				AC1E9C1613C5F0DE005A7A8B /* Reachability.m */,
			);
			path = Reachability;
			sourceTree = "<group>";
		};
		AC1E9C1713C5F0DE005A7A8B /* JSONKit */ = {
			isa = PBXGroup;
			children = (
				AC1E9C1813C5F0DE005A7A8B /* CHANGELOG.md */,
				AC1E9C1913C5F0DE005A7A8B /* JSONKit.h */,
				AC1E9C1A13C5F0DE005A7A8B /* JSONKit.m */,
				AC1E9C1B13C5F0DE005A7A8B /* README.md */,
			);
			path = JSONKit;
			sourceTree = "<group>";
		};
		AC8CC1C713C5959A0036C4CF /* smadd */ = {
			isa = PBXGroup;
			children = (
				AC1E9BF913C5F0DE005A7A8B /* adlantis */,
				AC1E9BD513C5D2CE005A7A8B /* admob */,
				AC8CC1C813C5959A0036C4CF /* admaker */,
				AC1E9BE713C5E687005A7A8B /* tgad */,
				AC8CC1CC13C5959A0036C4CF /* AdViewTemplate.h */,
				AC8CC1CD13C5959A0036C4CF /* AdViewTemplate.m */,
				AC8CC1CE13C5959A0036C4CF /* QuickWebViewController.h */,
				AC8CC1CF13C5959A0036C4CF /* QuickWebViewController.m */,
				AC8CC1D013C5959A0036C4CF /* QuickWebViewController.xib */,
				AC8CC1D113C5959A0036C4CF /* SmAddGlobal.h */,
				AC8CC1F013C59FA30036C4CF /* SmAddViewController.h */,
				AC8CC1F113C59FA30036C4CF /* SmAddViewController.m */,
			);
			path = smadd;
			sourceTree = "<group>";
		};
		AC8CC1C813C5959A0036C4CF /* admaker */ = {
			isa = PBXGroup;
			children = (
				AC8CC1C913C5959A0036C4CF /* AdMakerDelegate.h */,
				AC8CC1CA13C5959A0036C4CF /* AdMakerView.h */,
				AC8CC1CB13C5959A0036C4CF /* libAdMaker.a */,
			);
			path = admaker;
			sourceTree = "<group>";
		};
/* End PBXGroup section */

/* Begin PBXNativeTarget section */
		AC0F634D13C594840042E9C0 /* SmAddSample */ = {
			isa = PBXNativeTarget;
			buildConfigurationList = AC0F637313C594850042E9C0 /* Build configuration list for PBXNativeTarget "SmAddSample" */;
			buildPhases = (
				AC0F634A13C594840042E9C0 /* Sources */,
				AC0F634B13C594840042E9C0 /* Frameworks */,
				AC0F634C13C594840042E9C0 /* Resources */,
			);
			buildRules = (
			);
			dependencies = (
			);
			name = SmAddSample;
			productName = SmAddSample;
			productReference = AC0F634E13C594840042E9C0 /* SmAddSample.app */;
			productType = "com.apple.product-type.application";
		};
/* End PBXNativeTarget section */

/* Begin PBXProject section */
		AC0F634513C594840042E9C0 /* Project object */ = {
			isa = PBXProject;
			buildConfigurationList = AC0F634813C594840042E9C0 /* Build configuration list for PBXProject "SMADDSAMPLE" */;
			compatibilityVersion = "Xcode 3.2";
			developmentRegion = English;
			hasScannedForEncodings = 0;
			knownRegions = (
				en,
			);
			mainGroup = AC0F634313C594840042E9C0;
			productRefGroup = AC0F634F13C594840042E9C0 /* Products */;
			projectDirPath = "";
			projectRoot = "";
			targets = (
				AC0F634D13C594840042E9C0 /* SmAddSample */,
			);
		};
/* End PBXProject section */

/* Begin PBXResourcesBuildPhase section */
		AC0F634C13C594840042E9C0 /* Resources */ = {
			isa = PBXResourcesBuildPhase;
			buildActionMask = 2147483647;
			files = (
				AC0F635D13C594840042E9C0 /* InfoPlist.strings in Resources */,
				AC0F636613C594840042E9C0 /* MainWindow.xib in Resources */,
				AC0F636B13C594840042E9C0 /* MainView.xib in Resources */,
				AC0F637013C594850042E9C0 /* FlipsideView.xib in Resources */,
				AC8CC1D713C5959A0036C4CF /* QuickWebViewController.xib in Resources */,
				AC1E9BDF13C5D2CE005A7A8B /* README.txt in Resources */,
				AC1E9C2613C5F0DE005A7A8B /* CHANGELOG.md in Resources */,
				AC1E9C2813C5F0DE005A7A8B /* README.md in Resources */,
			);
			runOnlyForDeploymentPostprocessing = 0;
		};
/* End PBXResourcesBuildPhase section */

/* Begin PBXSourcesBuildPhase section */
		AC0F634A13C594840042E9C0 /* Sources */ = {
			isa = PBXSourcesBuildPhase;
			buildActionMask = 2147483647;
			files = (
				AC0F636013C594840042E9C0 /* main.m in Sources */,
				AC0F636313C594840042E9C0 /* SmAddSampleAppDelegate.m in Sources */,
				AC0F636913C594840042E9C0 /* MainViewController.m in Sources */,
				AC0F636E13C594850042E9C0 /* FlipsideViewController.m in Sources */,
				AC8CC1D513C5959A0036C4CF /* AdViewTemplate.m in Sources */,
				AC8CC1D613C5959A0036C4CF /* QuickWebViewController.m in Sources */,
				AC8CC1F213C59FA30036C4CF /* SmAddViewController.m in Sources */,
				AC1E9C1D13C5F0DE005A7A8B /* ASIAuthenticationDialog.m in Sources */,
				AC1E9C1E13C5F0DE005A7A8B /* ASIDataCompressor.m in Sources */,
				AC1E9C1F13C5F0DE005A7A8B /* ASIDataDecompressor.m in Sources */,
				AC1E9C2013C5F0DE005A7A8B /* ASIDownloadCache.m in Sources */,
				AC1E9C2113C5F0DE005A7A8B /* ASIFormDataRequest.m in Sources */,
				AC1E9C2213C5F0DE005A7A8B /* ASIHTTPRequest.m in Sources */,
				AC1E9C2313C5F0DE005A7A8B /* ASIInputStream.m in Sources */,
				AC1E9C2413C5F0DE005A7A8B /* ASINetworkQueue.m in Sources */,
				AC1E9C2513C5F0DE005A7A8B /* Reachability.m in Sources */,
				AC1E9C2713C5F0DE005A7A8B /* JSONKit.m in Sources */,
			);
			runOnlyForDeploymentPostprocessing = 0;
		};
/* End PBXSourcesBuildPhase section */

/* Begin PBXVariantGroup section */
		AC0F635B13C594840042E9C0 /* InfoPlist.strings */ = {
			isa = PBXVariantGroup;
			children = (
				AC0F635C13C594840042E9C0 /* en */,
			);
			name = InfoPlist.strings;
			sourceTree = "<group>";
		};
		AC0F636413C594840042E9C0 /* MainWindow.xib */ = {
			isa = PBXVariantGroup;
			children = (
				AC0F636513C594840042E9C0 /* en */,
			);
			name = MainWindow.xib;
			sourceTree = "<group>";
		};
/* End PBXVariantGroup section */

/* Begin XCBuildConfiguration section */
		AC0F637113C594850042E9C0 /* Debug */ = {
			isa = XCBuildConfiguration;
			buildSettings = {
				ARCHS = "$(ARCHS_STANDARD_32_BIT)";
				"CODE_SIGN_IDENTITY[sdk=iphoneos*]" = "iPhone Developer";
				GCC_C_LANGUAGE_STANDARD = gnu99;
				GCC_OPTIMIZATION_LEVEL = 0;
				GCC_PREPROCESSOR_DEFINITIONS = DEBUG;
				GCC_SYMBOLS_PRIVATE_EXTERN = NO;
				GCC_VERSION = com.apple.compilers.llvmgcc42;
				GCC_WARN_ABOUT_RETURN_TYPE = YES;
				GCC_WARN_UNUSED_VARIABLE = YES;
				IPHONEOS_DEPLOYMENT_TARGET = 4.3;
				OTHER_LDFLAGS = (
					"-ObjC",
					"-all_load",
				);
				SDKROOT = iphoneos;
			};
			name = Debug;
		};
		AC0F637213C594850042E9C0 /* Release */ = {
			isa = XCBuildConfiguration;
			buildSettings = {
				ARCHS = "$(ARCHS_STANDARD_32_BIT)";
				"CODE_SIGN_IDENTITY[sdk=iphoneos*]" = "iPhone Developer";
				GCC_C_LANGUAGE_STANDARD = gnu99;
				GCC_VERSION = com.apple.compilers.llvmgcc42;
				GCC_WARN_ABOUT_RETURN_TYPE = YES;
				GCC_WARN_UNUSED_VARIABLE = YES;
				IPHONEOS_DEPLOYMENT_TARGET = 4.3;
				OTHER_CFLAGS = "-DNS_BLOCK_ASSERTIONS=1";
				OTHER_LDFLAGS = (
					"-ObjC",
					"-all_load",
				);
				SDKROOT = iphoneos;
			};
			name = Release;
		};
		AC0F637413C594850042E9C0 /* Debug */ = {
			isa = XCBuildConfiguration;
			buildSettings = {
				ALWAYS_SEARCH_USER_PATHS = NO;
				COPY_PHASE_STRIP = NO;
				FRAMEWORK_SEARCH_PATHS = (
					"$(inherited)",
					"\"$(SRCROOT)\"",
				);
				GCC_DYNAMIC_NO_PIC = NO;
				GCC_PRECOMPILE_PREFIX_HEADER = YES;
				GCC_PREFIX_HEADER = "SmAddSample/SmAddSample-Prefix.pch";
				INFOPLIST_FILE = "SmAddSample/SmAddSample-Info.plist";
				LIBRARY_SEARCH_PATHS = (
					"$(inherited)",
					"\"$(SRCROOT)/SmAddSample/smadd/admaker\"",
					"\"$(SRCROOT)/SmAddSample/smadd/admob\"",
					"\"$(SRCROOT)/SmAddSample/smadd/tgad\"",
					"\"$(SRCROOT)/SmAddSample/smadd/adlantis\"",
				);
				PRODUCT_NAME = "$(TARGET_NAME)";
				WRAPPER_EXTENSION = app;
			};
			name = Debug;
		};
		AC0F637513C594850042E9C0 /* Release */ = {
			isa = XCBuildConfiguration;
			buildSettings = {
				ALWAYS_SEARCH_USER_PATHS = NO;
				COPY_PHASE_STRIP = YES;
				FRAMEWORK_SEARCH_PATHS = (
					"$(inherited)",
					"\"$(SRCROOT)\"",
				);
				GCC_PRECOMPILE_PREFIX_HEADER = YES;
				GCC_PREFIX_HEADER = "SmAddSample/SmAddSample-Prefix.pch";
				INFOPLIST_FILE = "SmAddSample/SmAddSample-Info.plist";
				LIBRARY_SEARCH_PATHS = (
					"$(inherited)",
					"\"$(SRCROOT)/SmAddSample/smadd/admaker\"",
					"\"$(SRCROOT)/SmAddSample/smadd/admob\"",
					"\"$(SRCROOT)/SmAddSample/smadd/tgad\"",
					"\"$(SRCROOT)/SmAddSample/smadd/adlantis\"",
				);
				PRODUCT_NAME = "$(TARGET_NAME)";
				VALIDATE_PRODUCT = YES;
				WRAPPER_EXTENSION = app;
			};
			name = Release;
		};
/* End XCBuildConfiguration section */

/* Begin XCConfigurationList section */
		AC0F634813C594840042E9C0 /* Build configuration list for PBXProject "SMADDSAMPLE" */ = {
			isa = XCConfigurationList;
			buildConfigurations = (
				AC0F637113C594850042E9C0 /* Debug */,
				AC0F637213C594850042E9C0 /* Release */,
			);
			defaultConfigurationIsVisible = 0;
			defaultConfigurationName = Release;
		};
		AC0F637313C594850042E9C0 /* Build configuration list for PBXNativeTarget "SmAddSample" */ = {
			isa = XCConfigurationList;
			buildConfigurations = (
				AC0F637413C594850042E9C0 /* Debug */,
				AC0F637513C594850042E9C0 /* Release */,
			);
			defaultConfigurationIsVisible = 0;
			defaultConfigurationName = Release;
		};
/* End XCConfigurationList section */
	};
	rootObject = AC0F634513C594840042E9C0 /* Project object */;
}
